
Microsoft Visual Studio Solution File, Format Version 12.00
Project("{FAE04EC0-301F-11D3-BF4B-00C04F79EFBC}") = "TextConvertor", "TextConvertor\TextConvertor.csproj", "{2F0060DC-72A8-4F86-BFDE-B6EB92F613CD}"
EndProject
Project("{FAE04EC0-301F-11D3-BF4B-00C04F79EFBC}") = "TextConvertorTests", "TextConvertorTests\TextConvertorTests.csproj", "{6EF782EB-D8D1-4F85-A7ED-F5D0F7A82111}"
EndProject
Project("{FAE04EC0-301F-11D3-BF4B-00C04F79EFBC}") = "TextConvertor.Console", "TextConvertor.Console\TextConvertor.Console.csproj", "{32051E08-FC55-41D5-B6B1-66BC8758784E}"
EndProject
Global
	GlobalSection(SolutionConfigurationPlatforms) = preSolution
		Debug|Any CPU = Debug|Any CPU
		Release|Any CPU = Release|Any CPU
	EndGlobalSection
	GlobalSection(ProjectConfigurationPlatforms) = postSolution
		{2F0060DC-72A8-4F86-BFDE-B6EB92F613CD}.Debug|Any CPU.ActiveCfg = Debug|Any CPU
		{2F0060DC-72A8-4F86-BFDE-B6EB92F613CD}.Debug|Any CPU.Build.0 = Debug|Any CPU
		{2F0060DC-72A8-4F86-BFDE-B6EB92F613CD}.Release|Any CPU.ActiveCfg = Release|Any CPU
		{2F0060DC-72A8-4F86-BFDE-B6EB92F613CD}.Release|Any CPU.Build.0 = Release|Any CPU
		{6EF782EB-D8D1-4F85-A7ED-F5D0F7A82111}.Debug|Any CPU.ActiveCfg = Debug|Any CPU
		{6EF782EB-D8D1-4F85-A7ED-F5D0F7A82111}.Debug|Any CPU.Build.0 = Debug|Any CPU
		{6EF782EB-D8D1-4F85-A7ED-F5D0F7A82111}.Release|Any CPU.ActiveCfg = Release|Any CPU
		{6EF782EB-D8D1-4F85-A7ED-F5D0F7A82111}.Release|Any CPU.Build.0 = Release|Any CPU
		{32051E08-FC55-41D5-B6B1-66BC8758784E}.Debug|Any CPU.ActiveCfg = Debug|Any CPU
		{32051E08-FC55-41D5-B6B1-66BC8758784E}.Debug|Any CPU.Build.0 = Debug|Any CPU
		{32051E08-FC55-41D5-B6B1-66BC8758784E}.Release|Any CPU.ActiveCfg = Release|Any CPU
		{32051E08-FC55-41D5-B6B1-66BC8758784E}.Release|Any CPU.Build.0 = Release|Any CPU
	EndGlobalSection
EndGlobal
